// !$*UTF8*$!
{
	archiveVersion = 1;
	classes = {
	};
	objectVersion = 55;
	objects = {

/* Begin PBXBuildFile section */
		36BB2CF6283CED5800345F8D /* SlidingMenuNTabViewApp.swift in Sources */ = {isa = PBXBuildFile; fileRef = 36BB2CF5283CED5800345F8D /* SlidingMenuNTabViewApp.swift */; };
		36BB2CF8283CED5800345F8D /* ContentView.swift in Sources */ = {isa = PBXBuildFile; fileRef = 36BB2CF7283CED5800345F8D /* ContentView.swift */; };
		36BB2CFA283CED5900345F8D /* Assets.xcassets in Resources */ = {isa = PBXBuildFile; fileRef = 36BB2CF9283CED5900345F8D /* Assets.xcassets */; };
		36BB2CFD283CED5900345F8D /* Preview Assets.xcassets in Resources */ = {isa = PBXBuildFile; fileRef = 36BB2CFC283CED5900345F8D /* Preview Assets.xcassets */; };
		36BB2D06283D167000345F8D /* SideView.swift in Sources */ = {isa = PBXBuildFile; fileRef = 36BB2D05283D167000345F8D /* SideView.swift */; };
		36BB2D08283D1BBB00345F8D /* HomeView.swift in Sources */ = {isa = PBXBuildFile; fileRef = 36BB2D07283D1BBB00345F8D /* HomeView.swift */; };
		36BB2D0A283D627300345F8D /* TapButton.swift in Sources */ = {isa = PBXBuildFile; fileRef = 36BB2D09283D627300345F8D /* TapButton.swift */; };
		36BB2D0C283EA83F00345F8D /* CustomCorners.swift in Sources */ = {isa = PBXBuildFile; fileRef = 36BB2D0B283EA83F00345F8D /* CustomCorners.swift */; };
/* End PBXBuildFile section */

/* Begin PBXFileReference section */
		36BB2CF2283CED5800345F8D /* SlidingMenuNTabView.app */ = {isa = PBXFileReference; explicitFileType = wrapper.application; includeInIndex = 0; path = SlidingMenuNTabView.app; sourceTree = BUILT_PRODUCTS_DIR; };
		36BB2CF5283CED5800345F8D /* SlidingMenuNTabViewApp.swift */ = {isa = PBXFileReference; lastKnownFileType = sourcecode.swift; path = SlidingMenuNTabViewApp.swift; sourceTree = "<group>"; };
		36BB2CF7283CED5800345F8D /* ContentView.swift */ = {isa = PBXFileReference; lastKnownFileType = sourcecode.swift; path = ContentView.swift; sourceTree = "<group>"; };
		36BB2CF9283CED5900345F8D /* Assets.xcassets */ = {isa = PBXFileReference; lastKnownFileType = folder.assetcatalog; path = Assets.xcassets; sourceTree = "<group>"; };
		36BB2CFC283CED5900345F8D /* Preview Assets.xcassets */ = {isa = PBXFileReference; lastKnownFileType = folder.assetcatalog; path = "Preview Assets.xcassets"; sourceTree = "<group>"; };
		36BB2D05283D167000345F8D /* SideView.swift */ = {isa = PBXFileReference; lastKnownFileType = sourcecode.swift; path = SideView.swift; sourceTree = "<group>"; };
		36BB2D07283D1BBB00345F8D /* HomeView.swift */ = {isa = PBXFileReference; lastKnownFileType = sourcecode.swift; path = HomeView.swift; sourceTree = "<group>"; };
		36BB2D09283D627300345F8D /* TapButton.swift */ = {isa = PBXFileReference; lastKnownFileType = sourcecode.swift; path = TapButton.swift; sourceTree = "<group>"; };
		36BB2D0B283EA83F00345F8D /* CustomCorners.swift */ = {isa = PBXFileReference; lastKnownFileType = sourcecode.swift; path = CustomCorners.swift; sourceTree = "<group>"; };
/* End PBXFileReference section */

/* Begin PBXFrameworksBuildPhase section */
		36BB2CEF283CED5800345F8D /* Frameworks */ = {
			isa = PBXFrameworksBuildPhase;
			buildActionMask = 2147483647;
			files = (
			);
			runOnlyForDeploymentPostprocessing = 0;
		};
/* End PBXFrameworksBuildPhase section */

/* Begin PBXGroup section */
		36BB2CE9283CED5800345F8D = {
			isa = PBXGroup;
			children = (
				36BB2CF4283CED5800345F8D /* SlidingMenuNTabView */,
				36BB2CF3283CED5800345F8D /* Products */,
			);
			sourceTree = "<group>";
		};
		36BB2CF3283CED5800345F8D /* Products */ = {
			isa = PBXGroup;
			children = (
				36BB2CF2283CED5800345F8D /* SlidingMenuNTabView.app */,
			);
			name = Products;
			sourceTree = "<group>";
		};
		36BB2CF4283CED5800345F8D /* SlidingMenuNTabView */ = {
			isa = PBXGroup;
			children = (
				36BB2CF5283CED5800345F8D /* SlidingMenuNTabViewApp.swift */,
				36BB2CF7283CED5800345F8D /* ContentView.swift */,
				36BB2D07283D1BBB00345F8D /* HomeView.swift */,
				36BB2D05283D167000345F8D /* SideView.swift */,
				36BB2D09283D627300345F8D /* TapButton.swift */,
				36BB2D0B283EA83F00345F8D /* CustomCorners.swift */,
				36BB2CF9283CED5900345F8D /* Assets.xcassets */,
				36BB2CFB283CED5900345F8D /* Preview Content */,
			);
			path = SlidingMenuNTabView;
			sourceTree = "<group>";
		};
		36BB2CFB283CED5900345F8D /* Preview Content */ = {
			isa = PBXGroup;
			children = (
				36BB2CFC283CED5900345F8D /* Preview Assets.xcassets */,
			);
			path = "Preview Content";
			sourceTree = "<group>";
		};
/* End PBXGroup section */

/* Begin PBXNativeTarget section */
		36BB2CF1283CED5800345F8D /* SlidingMenuNTabView */ = {
			isa = PBXNativeTarget;
			buildConfigurationList = 36BB2D00283CED5900345F8D /* Build configuration list for PBXNativeTarget "SlidingMenuNTabView" */;
			buildPhases = (
				36BB2CEE283CED5800345F8D /* Sources */,
				36BB2CEF283CED5800345F8D /* Frameworks */,
				36BB2CF0283CED5800345F8D /* Resources */,
			);
			buildRules = (
			);
			dependencies = (
			);
			name = SlidingMenuNTabView;
			productName = SlidingMenuNTabView;
			productReference = 36BB2CF2283CED5800345F8D /* SlidingMenuNTabView.app */;
			productType = "com.apple.product-type.application";
		};
/* End PBXNativeTarget section */

/* Begin PBXProject section */
		36BB2CEA283CED5800345F8D /* Project object */ = {
			isa = PBXProject;
			attributes = {
				BuildIndependentTargetsInParallel = 1;
				LastSwiftUpdateCheck = 1330;
				LastUpgradeCheck = 1330;
				TargetAttributes = {
					36BB2CF1283CED5800345F8D = {
						CreatedOnToolsVersion = 13.3.1;
					};
				};
			};
			buildConfigurationList = 36BB2CED283CED5800345F8D /* Build configuration list for PBXProject "SlidingMenuNTabView" */;
			compatibilityVersion = "Xcode 13.0";
			developmentRegion = en;
			hasScannedForEncodings = 0;
			knownRegions = (
				en,
				Base,
			);
			mainGroup = 36BB2CE9283CED5800345F8D;
			productRefGroup = 36BB2CF3283CED5800345F8D /* Products */;
			projectDirPath = "";
			projectRoot = "";
			targets = (
				36BB2CF1283CED5800345F8D /* SlidingMenuNTabView */,
			);
		};
/* End PBXProject section */

/* Begin PBXResourcesBuildPhase section */
		36BB2CF0283CED5800345F8D /* Resources */ = {
			isa = PBXResourcesBuildPhase;
			buildActionMask = 2147483647;
			files = (
				36BB2CFD283CED5900345F8D /* Preview Assets.xcassets in Resources */,
				36BB2CFA283CED5900345F8D /* Assets.xcassets in Resources */,
			);
			runOnlyForDeploymentPostprocessing = 0;
		};
/* End PBXResourcesBuildPhase section */

/* Begin PBXSourcesBuildPhase section */
		36BB2CEE283CED5800345F8D /* Sources */ = {
			isa = PBXSourcesBuildPhase;
			buildActionMask = 2147483647;
			files = (
				36BB2CF8283CED5800345F8D /* ContentView.swift in Sources */,
				36BB2D0C283EA83F00345F8D /* CustomCorners.swift in Sources */,
				36BB2D0A283D627300345F8D /* TapButton.swift in Sources */,
				36BB2D06283D167000345F8D /* SideView.swift in Sources */,
				36BB2D08283D1BBB00345F8D /* HomeView.swift in Sources */,
				36BB2CF6283CED5800345F8D /* SlidingMenuNTabViewApp.swift in Sources */,
			);
			runOnlyForDeploymentPostprocessing = 0;
		};
/* End PBXSourcesBuildPhase section */

/* Begin XCBuildConfiguration section */
		36BB2CFE283CED5900345F8D /* Debug */ = {
			isa = XCBuildConfiguration;
			buildSettings = {
				ALWAYS_SEARCH_USER_PATHS = NO;
				CLANG_ANALYZER_NONNULL = YES;
				CLANG_ANALYZER_NUMBER_OBJECT_CONVERSION = YES_AGGRESSIVE;
				CLANG_CXX_LANGUAGE_STANDARD = "gnu++17";
				CLANG_ENABLE_MODULES = YES;
				CLANG_ENABLE_OBJC_ARC = YES;
				CLANG_ENABLE_OBJC_WEAK = YES;
				CLANG_WARN_BLOCK_CAPTURE_AUTORELEASING = YES;
				CLANG_WARN_BOOL_CONVERSION = YES;
				CLANG_WARN_COMMA = YES;
				CLANG_WARN_CONSTANT_CONVERSION = YES;
				CLANG_WARN_DEPRECATED_OBJC_IMPLEMENTATIONS = YES;
				CLANG_WARN_DIRECT_OBJC_ISA_USAGE = YES_ERROR;
				CLANG_WARN_DOCUMENTATION_COMMENTS = YES;
				CLANG_WARN_EMPTY_BODY = YES;
				CLANG_WARN_ENUM_CONVERSION = YES;
				CLANG_WARN_INFINITE_RECURSION = YES;
				CLANG_WARN_INT_CONVERSION = YES;
				CLANG_WARN_NON_LITERAL_NULL_CONVERSION = YES;
				CLANG_WARN_OBJC_IMPLICIT_RETAIN_SELF = YES;
				CLANG_WARN_OBJC_LITERAL_CONVERSION = YES;
				CLANG_WARN_OBJC_ROOT_CLASS = YES_ERROR;
				CLANG_WARN_QUOTED_INCLUDE_IN_FRAMEWORK_HEADER = YES;
				CLANG_WARN_RANGE_LOOP_ANALYSIS = YES;
				CLANG_WARN_STRICT_PROTOTYPES = YES;
				CLANG_WARN_SUSPICIOUS_MOVE = YES;
				CLANG_WARN_UNGUARDED_AVAILABILITY = YES_AGGRESSIVE;
				CLANG_WARN_UNREACHABLE_CODE = YES;
				CLANG_WARN__DUPLICATE_METHOD_MATCH = YES;
				COPY_PHASE_STRIP = NO;
				DEBUG_INFORMATION_FORMAT = dwarf;
				ENABLE_STRICT_OBJC_MSGSEND = YES;
				ENABLE_TESTABILITY = YES;
				GCC_C_LANGUAGE_STANDARD = gnu11;
				GCC_DYNAMIC_NO_PIC = NO;
				GCC_NO_COMMON_BLOCKS = YES;
				GCC_OPTIMIZATION_LEVEL = 0;
				GCC_PREPROCESSOR_DEFINITIONS = (
					"DEBUG=1",
					"$(inherited)",
				);
				GCC_WARN_64_TO_32_BIT_CONVERSION = YES;
				GCC_WARN_ABOUT_RETURN_TYPE = YES_ERROR;
				GCC_WARN_UNDECLARED_SELECTOR = YES;
				GCC_WARN_UNINITIALIZED_AUTOS = YES_AGGRESSIVE;
				GCC_WARN_UNUSED_FUNCTION = YES;
				GCC_WARN_UNUSED_VARIABLE = YES;
				IPHONEOS_DEPLOYMENT_TARGET = 15.4;
				MTL_ENABLE_DEBUG_INFO = INCLUDE_SOURCE;
				MTL_FAST_MATH = YES;
				ONLY_ACTIVE_ARCH = YES;
				SDKROOT = iphoneos;
				SWIFT_ACTIVE_COMPILATION_CONDITIONS = DEBUG;
				SWIFT_OPTIMIZATION_LEVEL = "-Onone";
			};
			name = Debug;
		};
		36BB2CFF283CED5900345F8D /* Release */ = {
			isa = XCBuildConfiguration;
			buildSettings = {
				ALWAYS_SEARCH_USER_PATHS = NO;
				CLANG_ANALYZER_NONNULL = YES;
				CLANG_ANALYZER_NUMBER_OBJECT_CONVERSION = YES_AGGRESSIVE;
				CLANG_CXX_LANGUAGE_STANDARD = "gnu++17";
				CLANG_ENABLE_MODULES = YES;
				CLANG_ENABLE_OBJC_ARC = YES;
				CLANG_ENABLE_OBJC_WEAK = YES;
				CLANG_WARN_BLOCK_CAPTURE_AUTORELEASING = YES;
				CLANG_WARN_BOOL_CONVERSION = YES;
				CLANG_WARN_COMMA = YES;
				CLANG_WARN_CONSTANT_CONVERSION = YES;
				CLANG_WARN_DEPRECATED_OBJC_IMPLEMENTATIONS = YES;
				CLANG_WARN_DIRECT_OBJC_ISA_USAGE = YES_ERROR;
				CLANG_WARN_DOCUMENTATION_COMMENTS = YES;
				CLANG_WARN_EMPTY_BODY = YES;
				CLANG_WARN_ENUM_CONVERSION = YES;
				CLANG_WARN_INFINITE_RECURSION = YES;
				CLANG_WARN_INT_CONVERSION = YES;
				CLANG_WARN_NON_LITERAL_NULL_CONVERSION = YES;
				CLANG_WARN_OBJC_IMPLICIT_RETAIN_SELF = YES;
				CLANG_WARN_OBJC_LITERAL_CONVERSION = YES;
				CLANG_WARN_OBJC_ROOT_CLASS = YES_ERROR;
				CLANG_WARN_QUOTED_INCLUDE_IN_FRAMEWORK_HEADER = YES;
				CLANG_WARN_RANGE_LOOP_ANALYSIS = YES;
				CLANG_WARN_STRICT_PROTOTYPES = YES;
				CLANG_WARN_SUSPICIOUS_MOVE = YES;
				CLANG_WARN_UNGUARDED_AVAILABILITY = YES_AGGRESSIVE;
				CLANG_WARN_UNREACHABLE_CODE = YES;
				CLANG_WARN__DUPLICATE_METHOD_MATCH = YES;
				COPY_PHASE_STRIP = NO;
				DEBUG_INFORMATION_FORMAT = "dwarf-with-dsym";
				ENABLE_NS_ASSERTIONS = NO;
				ENABLE_STRICT_OBJC_MSGSEND = YES;
				GCC_C_LANGUAGE_STANDARD = gnu11;
				GCC_NO_COMMON_BLOCKS = YES;
				GCC_WARN_64_TO_32_BIT_CONVERSION = YES;
				GCC_WARN_ABOUT_RETURN_TYPE = YES_ERROR;
				GCC_WARN_UNDECLARED_SELECTOR = YES;
				GCC_WARN_UNINITIALIZED_AUTOS = YES_AGGRESSIVE;
				GCC_WARN_UNUSED_FUNCTION = YES;
				GCC_WARN_UNUSED_VARIABLE = YES;
				IPHONEOS_DEPLOYMENT_TARGET = 15.4;
				MTL_ENABLE_DEBUG_INFO = NO;
				MTL_FAST_MATH = YES;
				SDKROOT = iphoneos;
				SWIFT_COMPILATION_MODE = wholemodule;
				SWIFT_OPTIMIZATION_LEVEL = "-O";
				VALIDATE_PRODUCT = YES;
			};
			name = Release;
		};
		36BB2D01283CED5900345F8D /* Debug */ = {
			isa = XCBuildConfiguration;
			buildSettings = {
				ASSETCATALOG_COMPILER_APPICON_NAME = AppIcon;
				ASSETCATALOG_COMPILER_GLOBAL_ACCENT_COLOR_NAME = AccentColor;
				CODE_SIGN_STYLE = Automatic;
				CURRENT_PROJECT_VERSION = 1;
				DEVELOPMENT_ASSET_PATHS = "\"SlidingMenuNTabView/Preview Content\"";
				DEVELOPMENT_TEAM = U8PNX9PT5S;
				ENABLE_PREVIEWS = YES;
				GENERATE_INFOPLIST_FILE = YES;
				INFOPLIST_KEY_UIApplicationSceneManifest_Generation = YES;
				INFOPLIST_KEY_UIApplicationSupportsIndirectInputEvents = YES;
				INFOPLIST_KEY_UILaunchScreen_Generation = YES;
				INFOPLIST_KEY_UISupportedInterfaceOrientations_iPad = "UIInterfaceOrientationPortrait UIInterfaceOrientationPortraitUpsideDown UIInterfaceOrientationLandscapeLeft UIInterfaceOrientationLandscapeRight";
				INFOPLIST_KEY_UISupportedInterfaceOrientations_iPhone = "UIInterfaceOrientationPortrait UIInterfaceOrientationLandscapeLeft UIInterfaceOrientationLandscapeRight";
				LD_RUNPATH_SEARCH_PATHS = (
					"$(inherited)",
					"@executable_path/Frameworks",
				);
				MARKETING_VERSION = 1.0;
				PRODUCT_BUNDLE_IDENTIFIER = Haeryu.SlidingMenuNTabView;
				PRODUCT_NAME = "$(TARGET_NAME)";
				SWIFT_EMIT_LOC_STRINGS = YES;
				SWIFT_VERSION = 5.0;
				TARGETED_DEVICE_FAMILY = "1,2";
			};
			name = Debug;
		};
		36BB2D02283CED5900345F8D /* Release */ = {
			isa = XCBuildConfiguration;
			buildSettings = {
				ASSETCATALOG_COMPILER_APPICON_NAME = AppIcon;
				ASSETCATALOG_COMPILER_GLOBAL_ACCENT_COLOR_NAME = AccentColor;
				CODE_SIGN_STYLE = Automatic;
				CURRENT_PROJECT_VERSION = 1;
				DEVELOPMENT_ASSET_PATHS = "\"SlidingMenuNTabView/Preview Content\"";
				DEVELOPMENT_TEAM = U8PNX9PT5S;
				ENABLE_PREVIEWS = YES;
				GENERATE_INFOPLIST_FILE = YES;
				INFOPLIST_KEY_UIApplicationSceneManifest_Generation = YES;
				INFOPLIST_KEY_UIApplicationSupportsIndirectInputEvents = YES;
				INFOPLIST_KEY_UILaunchScreen_Generation = YES;
				INFOPLIST_KEY_UISupportedInterfaceOrientations_iPad = "UIInterfaceOrientationPortrait UIInterfaceOrientationPortraitUpsideDown UIInterfaceOrientationLandscapeLeft UIInterfaceOrientationLandscapeRight";
				INFOPLIST_KEY_UISupportedInterfaceOrientations_iPhone = "UIInterfaceOrientationPortrait UIInterfaceOrientationLandscapeLeft UIInterfaceOrientationLandscapeRight";
				LD_RUNPATH_SEARCH_PATHS = (
					"$(inherited)",
					"@executable_path/Frameworks",
				);
				MARKETING_VERSION = 1.0;
				PRODUCT_BUNDLE_IDENTIFIER = Haeryu.SlidingMenuNTabView;
				PRODUCT_NAME = "$(TARGET_NAME)";
				SWIFT_EMIT_LOC_STRINGS = YES;
				SWIFT_VERSION = 5.0;
				TARGETED_DEVICE_FAMILY = "1,2";
			};
			name = Release;
		};
/* End XCBuildConfiguration section */

/* Begin XCConfigurationList section */
		36BB2CED283CED5800345F8D /* Build configuration list for PBXProject "SlidingMenuNTabView" */ = {
			isa = XCConfigurationList;
			buildConfigurations = (
				36BB2CFE283CED5900345F8D /* Debug */,
				36BB2CFF283CED5900345F8D /* Release */,
			);
			defaultConfigurationIsVisible = 0;
			defaultConfigurationName = Release;
		};
		36BB2D00283CED5900345F8D /* Build configuration list for PBXNativeTarget "SlidingMenuNTabView" */ = {
			isa = XCConfigurationList;
			buildConfigurations = (
				36BB2D01283CED5900345F8D /* Debug */,
				36BB2D02283CED5900345F8D /* Release */,
			);
			defaultConfigurationIsVisible = 0;
			defaultConfigurationName = Release;
		};
/* End XCConfigurationList section */
	};
	rootObject = 36BB2CEA283CED5800345F8D /* Project object */;
}
