// !$*UTF8*$!
{
	archiveVersion = 1;
	classes = {
	};
	objectVersion = 56;
	objects = {

/* Begin PBXBuildFile section */
		36BF9BFD29E6BF090011677E /* bluetooth_practiceApp.swift in Sources */ = {isa = PBXBuildFile; fileRef = 36BF9BFC29E6BF090011677E /* bluetooth_practiceApp.swift */; };
		36BF9BFF29E6BF090011677E /* ContentView.swift in Sources */ = {isa = PBXBuildFile; fileRef = 36BF9BFE29E6BF090011677E /* ContentView.swift */; };
		36BF9C0129E6BF0A0011677E /* Assets.xcassets in Resources */ = {isa = PBXBuildFile; fileRef = 36BF9C0029E6BF0A0011677E /* Assets.xcassets */; };
		36BF9C0529E6BF0A0011677E /* Preview Assets.xcassets in Resources */ = {isa = PBXBuildFile; fileRef = 36BF9C0429E6BF0A0011677E /* Preview Assets.xcassets */; };
		36BF9C0F29E6BF0A0011677E /* bluetooth_practiceTests.swift in Sources */ = {isa = PBXBuildFile; fileRef = 36BF9C0E29E6BF0A0011677E /* bluetooth_practiceTests.swift */; };
		36BF9C1929E6BF0A0011677E /* bluetooth_practiceUITests.swift in Sources */ = {isa = PBXBuildFile; fileRef = 36BF9C1829E6BF0A0011677E /* bluetooth_practiceUITests.swift */; };
		36BF9C1B29E6BF0A0011677E /* bluetooth_practiceUITestsLaunchTests.swift in Sources */ = {isa = PBXBuildFile; fileRef = 36BF9C1A29E6BF0A0011677E /* bluetooth_practiceUITestsLaunchTests.swift */; };
		36BF9C2829E6EDB20011677E /* NearByUsersViewModel.swift in Sources */ = {isa = PBXBuildFile; fileRef = 36BF9C2729E6EDB20011677E /* NearByUsersViewModel.swift */; };
		36BF9C2A29E6EFAE0011677E /* User.swift in Sources */ = {isa = PBXBuildFile; fileRef = 36BF9C2929E6EFAE0011677E /* User.swift */; };
		36BF9C2C29E6F5CA0011677E /* BluetoothManager.swift in Sources */ = {isa = PBXBuildFile; fileRef = 36BF9C2B29E6F5CA0011677E /* BluetoothManager.swift */; };
		36BF9C2F29E7C78F0011677E /* File.swift in Sources */ = {isa = PBXBuildFile; fileRef = 36BF9C2E29E7C78F0011677E /* File.swift */; };
/* End PBXBuildFile section */

/* Begin PBXContainerItemProxy section */
		36BF9C0B29E6BF0A0011677E /* PBXContainerItemProxy */ = {
			isa = PBXContainerItemProxy;
			containerPortal = 36BF9BF129E6BF080011677E /* Project object */;
			proxyType = 1;
			remoteGlobalIDString = 36BF9BF829E6BF080011677E;
			remoteInfo = bluetooth_practice;
		};
		36BF9C1529E6BF0A0011677E /* PBXContainerItemProxy */ = {
			isa = PBXContainerItemProxy;
			containerPortal = 36BF9BF129E6BF080011677E /* Project object */;
			proxyType = 1;
			remoteGlobalIDString = 36BF9BF829E6BF080011677E;
			remoteInfo = bluetooth_practice;
		};
/* End PBXContainerItemProxy section */

/* Begin PBXFileReference section */
		36BF9BF929E6BF080011677E /* bluetooth_practice.app */ = {isa = PBXFileReference; explicitFileType = wrapper.application; includeInIndex = 0; path = bluetooth_practice.app; sourceTree = BUILT_PRODUCTS_DIR; };
		36BF9BFC29E6BF090011677E /* bluetooth_practiceApp.swift */ = {isa = PBXFileReference; lastKnownFileType = sourcecode.swift; path = bluetooth_practiceApp.swift; sourceTree = "<group>"; };
		36BF9BFE29E6BF090011677E /* ContentView.swift */ = {isa = PBXFileReference; lastKnownFileType = sourcecode.swift; path = ContentView.swift; sourceTree = "<group>"; };
		36BF9C0029E6BF0A0011677E /* Assets.xcassets */ = {isa = PBXFileReference; lastKnownFileType = folder.assetcatalog; path = Assets.xcassets; sourceTree = "<group>"; };
		36BF9C0229E6BF0A0011677E /* bluetooth_practice.entitlements */ = {isa = PBXFileReference; lastKnownFileType = text.plist.entitlements; path = bluetooth_practice.entitlements; sourceTree = "<group>"; };
		36BF9C0429E6BF0A0011677E /* Preview Assets.xcassets */ = {isa = PBXFileReference; lastKnownFileType = folder.assetcatalog; path = "Preview Assets.xcassets"; sourceTree = "<group>"; };
		36BF9C0A29E6BF0A0011677E /* bluetooth_practiceTests.xctest */ = {isa = PBXFileReference; explicitFileType = wrapper.cfbundle; includeInIndex = 0; path = bluetooth_practiceTests.xctest; sourceTree = BUILT_PRODUCTS_DIR; };
		36BF9C0E29E6BF0A0011677E /* bluetooth_practiceTests.swift */ = {isa = PBXFileReference; lastKnownFileType = sourcecode.swift; path = bluetooth_practiceTests.swift; sourceTree = "<group>"; };
		36BF9C1429E6BF0A0011677E /* bluetooth_practiceUITests.xctest */ = {isa = PBXFileReference; explicitFileType = wrapper.cfbundle; includeInIndex = 0; path = bluetooth_practiceUITests.xctest; sourceTree = BUILT_PRODUCTS_DIR; };
		36BF9C1829E6BF0A0011677E /* bluetooth_practiceUITests.swift */ = {isa = PBXFileReference; lastKnownFileType = sourcecode.swift; path = bluetooth_practiceUITests.swift; sourceTree = "<group>"; };
		36BF9C1A29E6BF0A0011677E /* bluetooth_practiceUITestsLaunchTests.swift */ = {isa = PBXFileReference; lastKnownFileType = sourcecode.swift; path = bluetooth_practiceUITestsLaunchTests.swift; sourceTree = "<group>"; };
		36BF9C2729E6EDB20011677E /* NearByUsersViewModel.swift */ = {isa = PBXFileReference; lastKnownFileType = sourcecode.swift; path = NearByUsersViewModel.swift; sourceTree = "<group>"; };
		36BF9C2929E6EFAE0011677E /* User.swift */ = {isa = PBXFileReference; lastKnownFileType = sourcecode.swift; path = User.swift; sourceTree = "<group>"; };
		36BF9C2B29E6F5CA0011677E /* BluetoothManager.swift */ = {isa = PBXFileReference; lastKnownFileType = sourcecode.swift; path = BluetoothManager.swift; sourceTree = "<group>"; };
		36BF9C2D29E7082E0011677E /* bluetooth-practice-Info.plist */ = {isa = PBXFileReference; lastKnownFileType = text.plist; path = "bluetooth-practice-Info.plist"; sourceTree = SOURCE_ROOT; };
		36BF9C2E29E7C78F0011677E /* File.swift */ = {isa = PBXFileReference; lastKnownFileType = sourcecode.swift; path = File.swift; sourceTree = "<group>"; };
/* End PBXFileReference section */

/* Begin PBXFrameworksBuildPhase section */
		36BF9BF629E6BF080011677E /* Frameworks */ = {
			isa = PBXFrameworksBuildPhase;
			buildActionMask = 2147483647;
			files = (
			);
			runOnlyForDeploymentPostprocessing = 0;
		};
		36BF9C0729E6BF0A0011677E /* Frameworks */ = {
			isa = PBXFrameworksBuildPhase;
			buildActionMask = 2147483647;
			files = (
			);
			runOnlyForDeploymentPostprocessing = 0;
		};
		36BF9C1129E6BF0A0011677E /* Frameworks */ = {
			isa = PBXFrameworksBuildPhase;
			buildActionMask = 2147483647;
			files = (
			);
			runOnlyForDeploymentPostprocessing = 0;
		};
/* End PBXFrameworksBuildPhase section */

/* Begin PBXGroup section */
		36BF9BF029E6BF080011677E = {
			isa = PBXGroup;
			children = (
				36BF9BFB29E6BF080011677E /* bluetooth_practice */,
				36BF9C0D29E6BF0A0011677E /* bluetooth_practiceTests */,
				36BF9C1729E6BF0A0011677E /* bluetooth_practiceUITests */,
				36BF9BFA29E6BF080011677E /* Products */,
			);
			sourceTree = "<group>";
		};
		36BF9BFA29E6BF080011677E /* Products */ = {
			isa = PBXGroup;
			children = (
				36BF9BF929E6BF080011677E /* bluetooth_practice.app */,
				36BF9C0A29E6BF0A0011677E /* bluetooth_practiceTests.xctest */,
				36BF9C1429E6BF0A0011677E /* bluetooth_practiceUITests.xctest */,
			);
			name = Products;
			sourceTree = "<group>";
		};
		36BF9BFB29E6BF080011677E /* bluetooth_practice */ = {
			isa = PBXGroup;
			children = (
				36BF9C2D29E7082E0011677E /* bluetooth-practice-Info.plist */,
				36BF9BFC29E6BF090011677E /* bluetooth_practiceApp.swift */,
				36BF9BFE29E6BF090011677E /* ContentView.swift */,
				36BF9C2729E6EDB20011677E /* NearByUsersViewModel.swift */,
				36BF9C2B29E6F5CA0011677E /* BluetoothManager.swift */,
				36BF9C2929E6EFAE0011677E /* User.swift */,
				36BF9C0029E6BF0A0011677E /* Assets.xcassets */,
				36BF9C0229E6BF0A0011677E /* bluetooth_practice.entitlements */,
				36BF9C0329E6BF0A0011677E /* Preview Content */,
				36BF9C2E29E7C78F0011677E /* File.swift */,
			);
			path = bluetooth_practice;
			sourceTree = "<group>";
		};
		36BF9C0329E6BF0A0011677E /* Preview Content */ = {
			isa = PBXGroup;
			children = (
				36BF9C0429E6BF0A0011677E /* Preview Assets.xcassets */,
			);
			path = "Preview Content";
			sourceTree = "<group>";
		};
		36BF9C0D29E6BF0A0011677E /* bluetooth_practiceTests */ = {
			isa = PBXGroup;
			children = (
				36BF9C0E29E6BF0A0011677E /* bluetooth_practiceTests.swift */,
			);
			path = bluetooth_practiceTests;
			sourceTree = "<group>";
		};
		36BF9C1729E6BF0A0011677E /* bluetooth_practiceUITests */ = {
			isa = PBXGroup;
			children = (
				36BF9C1829E6BF0A0011677E /* bluetooth_practiceUITests.swift */,
				36BF9C1A29E6BF0A0011677E /* bluetooth_practiceUITestsLaunchTests.swift */,
			);
			path = bluetooth_practiceUITests;
			sourceTree = "<group>";
		};
/* End PBXGroup section */

/* Begin PBXNativeTarget section */
		36BF9BF829E6BF080011677E /* bluetooth_practice */ = {
			isa = PBXNativeTarget;
			buildConfigurationList = 36BF9C1E29E6BF0A0011677E /* Build configuration list for PBXNativeTarget "bluetooth_practice" */;
			buildPhases = (
				36BF9BF529E6BF080011677E /* Sources */,
				36BF9BF629E6BF080011677E /* Frameworks */,
				36BF9BF729E6BF080011677E /* Resources */,
			);
			buildRules = (
			);
			dependencies = (
			);
			name = bluetooth_practice;
			productName = bluetooth_practice;
			productReference = 36BF9BF929E6BF080011677E /* bluetooth_practice.app */;
			productType = "com.apple.product-type.application";
		};
		36BF9C0929E6BF0A0011677E /* bluetooth_practiceTests */ = {
			isa = PBXNativeTarget;
			buildConfigurationList = 36BF9C2129E6BF0A0011677E /* Build configuration list for PBXNativeTarget "bluetooth_practiceTests" */;
			buildPhases = (
				36BF9C0629E6BF0A0011677E /* Sources */,
				36BF9C0729E6BF0A0011677E /* Frameworks */,
				36BF9C0829E6BF0A0011677E /* Resources */,
			);
			buildRules = (
			);
			dependencies = (
				36BF9C0C29E6BF0A0011677E /* PBXTargetDependency */,
			);
			name = bluetooth_practiceTests;
			productName = bluetooth_practiceTests;
			productReference = 36BF9C0A29E6BF0A0011677E /* bluetooth_practiceTests.xctest */;
			productType = "com.apple.product-type.bundle.unit-test";
		};
		36BF9C1329E6BF0A0011677E /* bluetooth_practiceUITests */ = {
			isa = PBXNativeTarget;
			buildConfigurationList = 36BF9C2429E6BF0A0011677E /* Build configuration list for PBXNativeTarget "bluetooth_practiceUITests" */;
			buildPhases = (
				36BF9C1029E6BF0A0011677E /* Sources */,
				36BF9C1129E6BF0A0011677E /* Frameworks */,
				36BF9C1229E6BF0A0011677E /* Resources */,
			);
			buildRules = (
			);
			dependencies = (
				36BF9C1629E6BF0A0011677E /* PBXTargetDependency */,
			);
			name = bluetooth_practiceUITests;
			productName = bluetooth_practiceUITests;
			productReference = 36BF9C1429E6BF0A0011677E /* bluetooth_practiceUITests.xctest */;
			productType = "com.apple.product-type.bundle.ui-testing";
		};
/* End PBXNativeTarget section */

/* Begin PBXProject section */
		36BF9BF129E6BF080011677E /* Project object */ = {
			isa = PBXProject;
			attributes = {
				BuildIndependentTargetsInParallel = 1;
				LastSwiftUpdateCheck = 1420;
				LastUpgradeCheck = 1420;
				TargetAttributes = {
					36BF9BF829E6BF080011677E = {
						CreatedOnToolsVersion = 14.2;
					};
					36BF9C0929E6BF0A0011677E = {
						CreatedOnToolsVersion = 14.2;
						TestTargetID = 36BF9BF829E6BF080011677E;
					};
					36BF9C1329E6BF0A0011677E = {
						CreatedOnToolsVersion = 14.2;
						TestTargetID = 36BF9BF829E6BF080011677E;
					};
				};
			};
			buildConfigurationList = 36BF9BF429E6BF080011677E /* Build configuration list for PBXProject "bluetooth_practice" */;
			compatibilityVersion = "Xcode 14.0";
			developmentRegion = en;
			hasScannedForEncodings = 0;
			knownRegions = (
				en,
				Base,
			);
			mainGroup = 36BF9BF029E6BF080011677E;
			productRefGroup = 36BF9BFA29E6BF080011677E /* Products */;
			projectDirPath = "";
			projectRoot = "";
			targets = (
				36BF9BF829E6BF080011677E /* bluetooth_practice */,
				36BF9C0929E6BF0A0011677E /* bluetooth_practiceTests */,
				36BF9C1329E6BF0A0011677E /* bluetooth_practiceUITests */,
			);
		};
/* End PBXProject section */

/* Begin PBXResourcesBuildPhase section */
		36BF9BF729E6BF080011677E /* Resources */ = {
			isa = PBXResourcesBuildPhase;
			buildActionMask = 2147483647;
			files = (
				36BF9C0529E6BF0A0011677E /* Preview Assets.xcassets in Resources */,
				36BF9C0129E6BF0A0011677E /* Assets.xcassets in Resources */,
			);
			runOnlyForDeploymentPostprocessing = 0;
		};
		36BF9C0829E6BF0A0011677E /* Resources */ = {
			isa = PBXResourcesBuildPhase;
			buildActionMask = 2147483647;
			files = (
			);
			runOnlyForDeploymentPostprocessing = 0;
		};
		36BF9C1229E6BF0A0011677E /* Resources */ = {
			isa = PBXResourcesBuildPhase;
			buildActionMask = 2147483647;
			files = (
			);
			runOnlyForDeploymentPostprocessing = 0;
		};
/* End PBXResourcesBuildPhase section */

/* Begin PBXSourcesBuildPhase section */
		36BF9BF529E6BF080011677E /* Sources */ = {
			isa = PBXSourcesBuildPhase;
			buildActionMask = 2147483647;
			files = (
				36BF9C2A29E6EFAE0011677E /* User.swift in Sources */,
				36BF9C2F29E7C78F0011677E /* File.swift in Sources */,
				36BF9BFF29E6BF090011677E /* ContentView.swift in Sources */,
				36BF9C2829E6EDB20011677E /* NearByUsersViewModel.swift in Sources */,
				36BF9BFD29E6BF090011677E /* bluetooth_practiceApp.swift in Sources */,
				36BF9C2C29E6F5CA0011677E /* BluetoothManager.swift in Sources */,
			);
			runOnlyForDeploymentPostprocessing = 0;
		};
		36BF9C0629E6BF0A0011677E /* Sources */ = {
			isa = PBXSourcesBuildPhase;
			buildActionMask = 2147483647;
			files = (
				36BF9C0F29E6BF0A0011677E /* bluetooth_practiceTests.swift in Sources */,
			);
			runOnlyForDeploymentPostprocessing = 0;
		};
		36BF9C1029E6BF0A0011677E /* Sources */ = {
			isa = PBXSourcesBuildPhase;
			buildActionMask = 2147483647;
			files = (
				36BF9C1B29E6BF0A0011677E /* bluetooth_practiceUITestsLaunchTests.swift in Sources */,
				36BF9C1929E6BF0A0011677E /* bluetooth_practiceUITests.swift in Sources */,
			);
			runOnlyForDeploymentPostprocessing = 0;
		};
/* End PBXSourcesBuildPhase section */

/* Begin PBXTargetDependency section */
		36BF9C0C29E6BF0A0011677E /* PBXTargetDependency */ = {
			isa = PBXTargetDependency;
			target = 36BF9BF829E6BF080011677E /* bluetooth_practice */;
			targetProxy = 36BF9C0B29E6BF0A0011677E /* PBXContainerItemProxy */;
		};
		36BF9C1629E6BF0A0011677E /* PBXTargetDependency */ = {
			isa = PBXTargetDependency;
			target = 36BF9BF829E6BF080011677E /* bluetooth_practice */;
			targetProxy = 36BF9C1529E6BF0A0011677E /* PBXContainerItemProxy */;
		};
/* End PBXTargetDependency section */

/* Begin XCBuildConfiguration section */
		36BF9C1C29E6BF0A0011677E /* Debug */ = {
			isa = XCBuildConfiguration;
			buildSettings = {
				ALWAYS_SEARCH_USER_PATHS = NO;
				CLANG_ANALYZER_NONNULL = YES;
				CLANG_ANALYZER_NUMBER_OBJECT_CONVERSION = YES_AGGRESSIVE;
				CLANG_CXX_LANGUAGE_STANDARD = "gnu++20";
				CLANG_ENABLE_MODULES = YES;
				CLANG_ENABLE_OBJC_ARC = YES;
				CLANG_ENABLE_OBJC_WEAK = YES;
				CLANG_WARN_BLOCK_CAPTURE_AUTORELEASING = YES;
				CLANG_WARN_BOOL_CONVERSION = YES;
				CLANG_WARN_COMMA = YES;
				CLANG_WARN_CONSTANT_CONVERSION = YES;
				CLANG_WARN_DEPRECATED_OBJC_IMPLEMENTATIONS = YES;
				CLANG_WARN_DIRECT_OBJC_ISA_USAGE = YES_ERROR;
				CLANG_WARN_DOCUMENTATION_COMMENTS = YES;
				CLANG_WARN_EMPTY_BODY = YES;
				CLANG_WARN_ENUM_CONVERSION = YES;
				CLANG_WARN_INFINITE_RECURSION = YES;
				CLANG_WARN_INT_CONVERSION = YES;
				CLANG_WARN_NON_LITERAL_NULL_CONVERSION = YES;
				CLANG_WARN_OBJC_IMPLICIT_RETAIN_SELF = YES;
				CLANG_WARN_OBJC_LITERAL_CONVERSION = YES;
				CLANG_WARN_OBJC_ROOT_CLASS = YES_ERROR;
				CLANG_WARN_QUOTED_INCLUDE_IN_FRAMEWORK_HEADER = YES;
				CLANG_WARN_RANGE_LOOP_ANALYSIS = YES;
				CLANG_WARN_STRICT_PROTOTYPES = YES;
				CLANG_WARN_SUSPICIOUS_MOVE = YES;
				CLANG_WARN_UNGUARDED_AVAILABILITY = YES_AGGRESSIVE;
				CLANG_WARN_UNREACHABLE_CODE = YES;
				CLANG_WARN__DUPLICATE_METHOD_MATCH = YES;
				COPY_PHASE_STRIP = NO;
				DEBUG_INFORMATION_FORMAT = dwarf;
				ENABLE_STRICT_OBJC_MSGSEND = YES;
				ENABLE_TESTABILITY = YES;
				GCC_C_LANGUAGE_STANDARD = gnu11;
				GCC_DYNAMIC_NO_PIC = NO;
				GCC_NO_COMMON_BLOCKS = YES;
				GCC_OPTIMIZATION_LEVEL = 0;
				GCC_PREPROCESSOR_DEFINITIONS = (
					"DEBUG=1",
					"$(inherited)",
				);
				GCC_WARN_64_TO_32_BIT_CONVERSION = YES;
				GCC_WARN_ABOUT_RETURN_TYPE = YES_ERROR;
				GCC_WARN_UNDECLARED_SELECTOR = YES;
				GCC_WARN_UNINITIALIZED_AUTOS = YES_AGGRESSIVE;
				GCC_WARN_UNUSED_FUNCTION = YES;
				GCC_WARN_UNUSED_VARIABLE = YES;
				MTL_ENABLE_DEBUG_INFO = INCLUDE_SOURCE;
				MTL_FAST_MATH = YES;
				ONLY_ACTIVE_ARCH = YES;
				SWIFT_ACTIVE_COMPILATION_CONDITIONS = DEBUG;
				SWIFT_OPTIMIZATION_LEVEL = "-Onone";
			};
			name = Debug;
		};
		36BF9C1D29E6BF0A0011677E /* Release */ = {
			isa = XCBuildConfiguration;
			buildSettings = {
				ALWAYS_SEARCH_USER_PATHS = NO;
				CLANG_ANALYZER_NONNULL = YES;
				CLANG_ANALYZER_NUMBER_OBJECT_CONVERSION = YES_AGGRESSIVE;
				CLANG_CXX_LANGUAGE_STANDARD = "gnu++20";
				CLANG_ENABLE_MODULES = YES;
				CLANG_ENABLE_OBJC_ARC = YES;
				CLANG_ENABLE_OBJC_WEAK = YES;
				CLANG_WARN_BLOCK_CAPTURE_AUTORELEASING = YES;
				CLANG_WARN_BOOL_CONVERSION = YES;
				CLANG_WARN_COMMA = YES;
				CLANG_WARN_CONSTANT_CONVERSION = YES;
				CLANG_WARN_DEPRECATED_OBJC_IMPLEMENTATIONS = YES;
				CLANG_WARN_DIRECT_OBJC_ISA_USAGE = YES_ERROR;
				CLANG_WARN_DOCUMENTATION_COMMENTS = YES;
				CLANG_WARN_EMPTY_BODY = YES;
				CLANG_WARN_ENUM_CONVERSION = YES;
				CLANG_WARN_INFINITE_RECURSION = YES;
				CLANG_WARN_INT_CONVERSION = YES;
				CLANG_WARN_NON_LITERAL_NULL_CONVERSION = YES;
				CLANG_WARN_OBJC_IMPLICIT_RETAIN_SELF = YES;
				CLANG_WARN_OBJC_LITERAL_CONVERSION = YES;
				CLANG_WARN_OBJC_ROOT_CLASS = YES_ERROR;
				CLANG_WARN_QUOTED_INCLUDE_IN_FRAMEWORK_HEADER = YES;
				CLANG_WARN_RANGE_LOOP_ANALYSIS = YES;
				CLANG_WARN_STRICT_PROTOTYPES = YES;
				CLANG_WARN_SUSPICIOUS_MOVE = YES;
				CLANG_WARN_UNGUARDED_AVAILABILITY = YES_AGGRESSIVE;
				CLANG_WARN_UNREACHABLE_CODE = YES;
				CLANG_WARN__DUPLICATE_METHOD_MATCH = YES;
				COPY_PHASE_STRIP = NO;
				DEBUG_INFORMATION_FORMAT = "dwarf-with-dsym";
				ENABLE_NS_ASSERTIONS = NO;
				ENABLE_STRICT_OBJC_MSGSEND = YES;
				GCC_C_LANGUAGE_STANDARD = gnu11;
				GCC_NO_COMMON_BLOCKS = YES;
				GCC_WARN_64_TO_32_BIT_CONVERSION = YES;
				GCC_WARN_ABOUT_RETURN_TYPE = YES_ERROR;
				GCC_WARN_UNDECLARED_SELECTOR = YES;
				GCC_WARN_UNINITIALIZED_AUTOS = YES_AGGRESSIVE;
				GCC_WARN_UNUSED_FUNCTION = YES;
				GCC_WARN_UNUSED_VARIABLE = YES;
				MTL_ENABLE_DEBUG_INFO = NO;
				MTL_FAST_MATH = YES;
				SWIFT_COMPILATION_MODE = wholemodule;
				SWIFT_OPTIMIZATION_LEVEL = "-O";
			};
			name = Release;
		};
		36BF9C1F29E6BF0A0011677E /* Debug */ = {
			isa = XCBuildConfiguration;
			buildSettings = {
				ASSETCATALOG_COMPILER_APPICON_NAME = AppIcon;
				ASSETCATALOG_COMPILER_GLOBAL_ACCENT_COLOR_NAME = AccentColor;
				CODE_SIGN_ENTITLEMENTS = bluetooth_practice/bluetooth_practice.entitlements;
				CODE_SIGN_STYLE = Automatic;
				CURRENT_PROJECT_VERSION = 1;
				DEVELOPMENT_ASSET_PATHS = "\"bluetooth_practice/Preview Content\"";
				DEVELOPMENT_TEAM = U8PNX9PT5S;
				ENABLE_HARDENED_RUNTIME = YES;
				ENABLE_PREVIEWS = YES;
				GENERATE_INFOPLIST_FILE = YES;
				INFOPLIST_FILE = "bluetooth-practice-Info.plist";
				INFOPLIST_KEY_NSBluetoothAlwaysUsageDescription = "이 앱은 주변 사용자를 찾기 위해 블루투스 기능을 사용합니다.";
				INFOPLIST_KEY_NSBluetoothPeripheralUsageDescription = "이 앱은 블루투스를 사용하여 다른 사용자와 연결하기 위해 사용됩니다.";
				"INFOPLIST_KEY_UIApplicationSceneManifest_Generation[sdk=iphoneos*]" = YES;
				"INFOPLIST_KEY_UIApplicationSceneManifest_Generation[sdk=iphonesimulator*]" = YES;
				"INFOPLIST_KEY_UIApplicationSupportsIndirectInputEvents[sdk=iphoneos*]" = YES;
				"INFOPLIST_KEY_UIApplicationSupportsIndirectInputEvents[sdk=iphonesimulator*]" = YES;
				"INFOPLIST_KEY_UILaunchScreen_Generation[sdk=iphoneos*]" = YES;
				"INFOPLIST_KEY_UILaunchScreen_Generation[sdk=iphonesimulator*]" = YES;
				"INFOPLIST_KEY_UIStatusBarStyle[sdk=iphoneos*]" = UIStatusBarStyleDefault;
				"INFOPLIST_KEY_UIStatusBarStyle[sdk=iphonesimulator*]" = UIStatusBarStyleDefault;
				INFOPLIST_KEY_UISupportedInterfaceOrientations_iPad = "UIInterfaceOrientationPortrait UIInterfaceOrientationPortraitUpsideDown UIInterfaceOrientationLandscapeLeft UIInterfaceOrientationLandscapeRight";
				INFOPLIST_KEY_UISupportedInterfaceOrientations_iPhone = "UIInterfaceOrientationPortrait UIInterfaceOrientationLandscapeLeft UIInterfaceOrientationLandscapeRight";
				IPHONEOS_DEPLOYMENT_TARGET = 16.2;
				LD_RUNPATH_SEARCH_PATHS = "@executable_path/Frameworks";
				"LD_RUNPATH_SEARCH_PATHS[sdk=macosx*]" = "@executable_path/../Frameworks";
				MACOSX_DEPLOYMENT_TARGET = 13.1;
				MARKETING_VERSION = 1.0;
				PRODUCT_BUNDLE_IDENTIFIER = "bluetooth-practice.bluetooth-practice";
				PRODUCT_NAME = "$(TARGET_NAME)";
				SDKROOT = auto;
				SUPPORTED_PLATFORMS = "iphoneos iphonesimulator";
				SUPPORTS_MACCATALYST = NO;
				SUPPORTS_MAC_DESIGNED_FOR_IPHONE_IPAD = NO;
				SWIFT_EMIT_LOC_STRINGS = YES;
				SWIFT_VERSION = 5.0;
				TARGETED_DEVICE_FAMILY = "1,2";
			};
			name = Debug;
		};
		36BF9C2029E6BF0A0011677E /* Release */ = {
			isa = XCBuildConfiguration;
			buildSettings = {
				ASSETCATALOG_COMPILER_APPICON_NAME = AppIcon;
				ASSETCATALOG_COMPILER_GLOBAL_ACCENT_COLOR_NAME = AccentColor;
				CODE_SIGN_ENTITLEMENTS = bluetooth_practice/bluetooth_practice.entitlements;
				CODE_SIGN_STYLE = Automatic;
				CURRENT_PROJECT_VERSION = 1;
				DEVELOPMENT_ASSET_PATHS = "\"bluetooth_practice/Preview Content\"";
				DEVELOPMENT_TEAM = U8PNX9PT5S;
				ENABLE_HARDENED_RUNTIME = YES;
				ENABLE_PREVIEWS = YES;
				GENERATE_INFOPLIST_FILE = YES;
				INFOPLIST_FILE = "bluetooth-practice-Info.plist";
				INFOPLIST_KEY_NSBluetoothAlwaysUsageDescription = "이 앱은 주변 사용자를 찾기 위해 블루투스 기능을 사용합니다.";
				INFOPLIST_KEY_NSBluetoothPeripheralUsageDescription = "이 앱은 블루투스를 사용하여 다른 사용자와 연결하기 위해 사용됩니다.";
				"INFOPLIST_KEY_UIApplicationSceneManifest_Generation[sdk=iphoneos*]" = YES;
				"INFOPLIST_KEY_UIApplicationSceneManifest_Generation[sdk=iphonesimulator*]" = YES;
				"INFOPLIST_KEY_UIApplicationSupportsIndirectInputEvents[sdk=iphoneos*]" = YES;
				"INFOPLIST_KEY_UIApplicationSupportsIndirectInputEvents[sdk=iphonesimulator*]" = YES;
				"INFOPLIST_KEY_UILaunchScreen_Generation[sdk=iphoneos*]" = YES;
				"INFOPLIST_KEY_UILaunchScreen_Generation[sdk=iphonesimulator*]" = YES;
				"INFOPLIST_KEY_UIStatusBarStyle[sdk=iphoneos*]" = UIStatusBarStyleDefault;
				"INFOPLIST_KEY_UIStatusBarStyle[sdk=iphonesimulator*]" = UIStatusBarStyleDefault;
				INFOPLIST_KEY_UISupportedInterfaceOrientations_iPad = "UIInterfaceOrientationPortrait UIInterfaceOrientationPortraitUpsideDown UIInterfaceOrientationLandscapeLeft UIInterfaceOrientationLandscapeRight";
				INFOPLIST_KEY_UISupportedInterfaceOrientations_iPhone = "UIInterfaceOrientationPortrait UIInterfaceOrientationLandscapeLeft UIInterfaceOrientationLandscapeRight";
				IPHONEOS_DEPLOYMENT_TARGET = 16.2;
				LD_RUNPATH_SEARCH_PATHS = "@executable_path/Frameworks";
				"LD_RUNPATH_SEARCH_PATHS[sdk=macosx*]" = "@executable_path/../Frameworks";
				MACOSX_DEPLOYMENT_TARGET = 13.1;
				MARKETING_VERSION = 1.0;
				PRODUCT_BUNDLE_IDENTIFIER = "bluetooth-practice.bluetooth-practice";
				PRODUCT_NAME = "$(TARGET_NAME)";
				SDKROOT = auto;
				SUPPORTED_PLATFORMS = "iphoneos iphonesimulator";
				SUPPORTS_MACCATALYST = NO;
				SUPPORTS_MAC_DESIGNED_FOR_IPHONE_IPAD = NO;
				SWIFT_EMIT_LOC_STRINGS = YES;
				SWIFT_VERSION = 5.0;
				TARGETED_DEVICE_FAMILY = "1,2";
			};
			name = Release;
		};
		36BF9C2229E6BF0A0011677E /* Debug */ = {
			isa = XCBuildConfiguration;
			buildSettings = {
				ALWAYS_EMBED_SWIFT_STANDARD_LIBRARIES = YES;
				BUNDLE_LOADER = "$(TEST_HOST)";
				CODE_SIGN_STYLE = Automatic;
				CURRENT_PROJECT_VERSION = 1;
				DEVELOPMENT_TEAM = U8PNX9PT5S;
				GENERATE_INFOPLIST_FILE = YES;
				IPHONEOS_DEPLOYMENT_TARGET = 16.2;
				MACOSX_DEPLOYMENT_TARGET = 13.1;
				MARKETING_VERSION = 1.0;
				PRODUCT_BUNDLE_IDENTIFIER = "bluetooth-practice.bluetooth-practiceTests";
				PRODUCT_NAME = "$(TARGET_NAME)";
				SDKROOT = auto;
				SUPPORTED_PLATFORMS = "iphoneos iphonesimulator macosx";
				SWIFT_EMIT_LOC_STRINGS = NO;
				SWIFT_VERSION = 5.0;
				TARGETED_DEVICE_FAMILY = "1,2";
				TEST_HOST = "$(BUILT_PRODUCTS_DIR)/bluetooth_practice.app/$(BUNDLE_EXECUTABLE_FOLDER_PATH)/bluetooth_practice";
			};
			name = Debug;
		};
		36BF9C2329E6BF0A0011677E /* Release */ = {
			isa = XCBuildConfiguration;
			buildSettings = {
				ALWAYS_EMBED_SWIFT_STANDARD_LIBRARIES = YES;
				BUNDLE_LOADER = "$(TEST_HOST)";
				CODE_SIGN_STYLE = Automatic;
				CURRENT_PROJECT_VERSION = 1;
				DEVELOPMENT_TEAM = U8PNX9PT5S;
				GENERATE_INFOPLIST_FILE = YES;
				IPHONEOS_DEPLOYMENT_TARGET = 16.2;
				MACOSX_DEPLOYMENT_TARGET = 13.1;
				MARKETING_VERSION = 1.0;
				PRODUCT_BUNDLE_IDENTIFIER = "bluetooth-practice.bluetooth-practiceTests";
				PRODUCT_NAME = "$(TARGET_NAME)";
				SDKROOT = auto;
				SUPPORTED_PLATFORMS = "iphoneos iphonesimulator macosx";
				SWIFT_EMIT_LOC_STRINGS = NO;
				SWIFT_VERSION = 5.0;
				TARGETED_DEVICE_FAMILY = "1,2";
				TEST_HOST = "$(BUILT_PRODUCTS_DIR)/bluetooth_practice.app/$(BUNDLE_EXECUTABLE_FOLDER_PATH)/bluetooth_practice";
			};
			name = Release;
		};
		36BF9C2529E6BF0A0011677E /* Debug */ = {
			isa = XCBuildConfiguration;
			buildSettings = {
				ALWAYS_EMBED_SWIFT_STANDARD_LIBRARIES = YES;
				CODE_SIGN_STYLE = Automatic;
				CURRENT_PROJECT_VERSION = 1;
				DEVELOPMENT_TEAM = U8PNX9PT5S;
				GENERATE_INFOPLIST_FILE = YES;
				IPHONEOS_DEPLOYMENT_TARGET = 16.2;
				MACOSX_DEPLOYMENT_TARGET = 13.1;
				MARKETING_VERSION = 1.0;
				PRODUCT_BUNDLE_IDENTIFIER = "bluetooth-practice.bluetooth-practiceUITests";
				PRODUCT_NAME = "$(TARGET_NAME)";
				SDKROOT = auto;
				SUPPORTED_PLATFORMS = "iphoneos iphonesimulator macosx";
				SWIFT_EMIT_LOC_STRINGS = NO;
				SWIFT_VERSION = 5.0;
				TARGETED_DEVICE_FAMILY = "1,2";
				TEST_TARGET_NAME = bluetooth_practice;
			};
			name = Debug;
		};
		36BF9C2629E6BF0A0011677E /* Release */ = {
			isa = XCBuildConfiguration;
			buildSettings = {
				ALWAYS_EMBED_SWIFT_STANDARD_LIBRARIES = YES;
				CODE_SIGN_STYLE = Automatic;
				CURRENT_PROJECT_VERSION = 1;
				DEVELOPMENT_TEAM = U8PNX9PT5S;
				GENERATE_INFOPLIST_FILE = YES;
				IPHONEOS_DEPLOYMENT_TARGET = 16.2;
				MACOSX_DEPLOYMENT_TARGET = 13.1;
				MARKETING_VERSION = 1.0;
				PRODUCT_BUNDLE_IDENTIFIER = "bluetooth-practice.bluetooth-practiceUITests";
				PRODUCT_NAME = "$(TARGET_NAME)";
				SDKROOT = auto;
				SUPPORTED_PLATFORMS = "iphoneos iphonesimulator macosx";
				SWIFT_EMIT_LOC_STRINGS = NO;
				SWIFT_VERSION = 5.0;
				TARGETED_DEVICE_FAMILY = "1,2";
				TEST_TARGET_NAME = bluetooth_practice;
			};
			name = Release;
		};
/* End XCBuildConfiguration section */

/* Begin XCConfigurationList section */
		36BF9BF429E6BF080011677E /* Build configuration list for PBXProject "bluetooth_practice" */ = {
			isa = XCConfigurationList;
			buildConfigurations = (
				36BF9C1C29E6BF0A0011677E /* Debug */,
				36BF9C1D29E6BF0A0011677E /* Release */,
			);
			defaultConfigurationIsVisible = 0;
			defaultConfigurationName = Release;
		};
		36BF9C1E29E6BF0A0011677E /* Build configuration list for PBXNativeTarget "bluetooth_practice" */ = {
			isa = XCConfigurationList;
			buildConfigurations = (
				36BF9C1F29E6BF0A0011677E /* Debug */,
				36BF9C2029E6BF0A0011677E /* Release */,
			);
			defaultConfigurationIsVisible = 0;
			defaultConfigurationName = Release;
		};
		36BF9C2129E6BF0A0011677E /* Build configuration list for PBXNativeTarget "bluetooth_practiceTests" */ = {
			isa = XCConfigurationList;
			buildConfigurations = (
				36BF9C2229E6BF0A0011677E /* Debug */,
				36BF9C2329E6BF0A0011677E /* Release */,
			);
			defaultConfigurationIsVisible = 0;
			defaultConfigurationName = Release;
		};
		36BF9C2429E6BF0A0011677E /* Build configuration list for PBXNativeTarget "bluetooth_practiceUITests" */ = {
			isa = XCConfigurationList;
			buildConfigurations = (
				36BF9C2529E6BF0A0011677E /* Debug */,
				36BF9C2629E6BF0A0011677E /* Release */,
			);
			defaultConfigurationIsVisible = 0;
			defaultConfigurationName = Release;
		};
/* End XCConfigurationList section */
	};
	rootObject = 36BF9BF129E6BF080011677E /* Project object */;
}
